
Microsoft Visual Studio Solution File, Format Version 12.00
# Visual Studio Version 17
VisualStudioVersion = 17.2.32630.192
MinimumVisualStudioVersion = 10.0.40219.1
Project("{9A19103F-16F7-4668-BE54-9A1E7A4F7556}") = "R5T.S0075", "R5T.S0075\R5T.S0075.csproj", "{C31F6C33-2CEC-4735-B020-611F38826135}"
EndProject
Project("{2150E333-8FDC-42A3-9474-1A3956D46DE8}") = "_Dependencies", "_Dependencies", "{A17F59CB-1EB4-4CD1-8D41-6AC1956B49D8}"
EndProject
Project("{9A19103F-16F7-4668-BE54-9A1E7A4F7556}") = "R5T.O0018", "..\..\R5T.O0018\source\R5T.O0018\R5T.O0018.csproj", "{EFF51D39-67A1-4F34-ABC6-1C69DD47047F}"
EndProject
Project("{9A19103F-16F7-4668-BE54-9A1E7A4F7556}") = "R5T.F0000", "..\..\R5T.F0000\source\R5T.F0000\R5T.F0000.csproj", "{3B951AC0-58FB-4696-90A7-ED508A433B51}"
EndProject
Project("{9A19103F-16F7-4668-BE54-9A1E7A4F7556}") = "R5T.F0002", "..\..\R5T.F0002\source\R5T.F0002\R5T.F0002.csproj", "{31B7948F-B408-4341-869A-78ABEDD054DC}"
EndProject
Project("{9A19103F-16F7-4668-BE54-9A1E7A4F7556}") = "R5T.F0019", "..\..\R5T.F0019\source\R5T.F0019\R5T.F0019.csproj", "{B246D962-9D6E-45AA-9599-09DE4D30ED7E}"
EndProject
Project("{9A19103F-16F7-4668-BE54-9A1E7A4F7556}") = "R5T.F0024.T001", "..\..\R5T.F0024\source\R5T.F0024.T001\R5T.F0024.T001.csproj", "{A498B52D-0EB7-4770-8BE1-AF36E79DA219}"
EndProject
Project("{9A19103F-16F7-4668-BE54-9A1E7A4F7556}") = "R5T.F0024", "..\..\R5T.F0024\source\R5T.F0024\R5T.F0024.csproj", "{C927C208-1376-4BC4-B013-403FCB1E1701}"
EndProject
Project("{9A19103F-16F7-4668-BE54-9A1E7A4F7556}") = "R5T.F0032", "..\..\R5T.F0032\source\R5T.F0032\R5T.F0032.csproj", "{3791DB2A-3D94-43CF-B0F1-F1A70C846EAD}"
EndProject
Project("{9A19103F-16F7-4668-BE54-9A1E7A4F7556}") = "R5T.F0041", "..\..\R5T.F0041\source\R5T.F0041\R5T.F0041.csproj", "{C82893AE-F288-42E3-AB3C-FC6DA7A5742B}"
EndProject
Project("{9A19103F-16F7-4668-BE54-9A1E7A4F7556}") = "R5T.F0042.F001", "..\..\R5T.F0042\source\R5T.F0042.F001\R5T.F0042.F001.csproj", "{DD1FE04F-6BAC-4097-854A-D26F9D1E6E2A}"
EndProject
Project("{9A19103F-16F7-4668-BE54-9A1E7A4F7556}") = "R5T.F0042.F002", "..\..\R5T.F0042\source\R5T.F0042.F002\R5T.F0042.F002.csproj", "{87080146-AD4D-4B34-BA6A-F5D49EC3E591}"
EndProject
Project("{9A19103F-16F7-4668-BE54-9A1E7A4F7556}") = "R5T.F0042", "..\..\R5T.F0042\source\R5T.F0042\R5T.F0042.csproj", "{84F54E96-AD06-43E8-A7AE-368BC97AD785}"
EndProject
Project("{9A19103F-16F7-4668-BE54-9A1E7A4F7556}") = "R5T.F0044", "..\..\R5T.F0044\source\R5T.F0044\R5T.F0044.csproj", "{7F380F78-AE4D-4FF3-B4E9-FEC1565C9DF2}"
EndProject
Project("{9A19103F-16F7-4668-BE54-9A1E7A4F7556}") = "R5T.F0046", "..\..\R5T.F0046\source\R5T.F0046\R5T.F0046.csproj", "{5A9995A2-19F1-4C96-A55D-2E84DCFEE525}"
EndProject
Project("{9A19103F-16F7-4668-BE54-9A1E7A4F7556}") = "R5T.F0047", "..\..\R5T.F0047\source\R5T.F0047\R5T.F0047.csproj", "{672F1D48-379F-443E-98F9-44F1DBC15B27}"
EndProject
Project("{9A19103F-16F7-4668-BE54-9A1E7A4F7556}") = "R5T.F0057", "..\..\R5T.F0057\source\R5T.F0057\R5T.F0057.csproj", "{A8564D72-5EA3-4EAF-9E2B-211B6669C6AB}"
EndProject
Project("{9A19103F-16F7-4668-BE54-9A1E7A4F7556}") = "R5T.F0059", "..\..\R5T.F0059\source\R5T.F0059\R5T.F0059.csproj", "{9CE5B3C1-DE47-4749-9F82-6C9364426465}"
EndProject
Project("{9A19103F-16F7-4668-BE54-9A1E7A4F7556}") = "R5T.F0091", "..\..\R5T.F0091\source\R5T.F0091\R5T.F0091.csproj", "{53D4935D-ED18-4E8D-9F7A-19790868DFA8}"
EndProject
Project("{9A19103F-16F7-4668-BE54-9A1E7A4F7556}") = "R5T.F0120", "..\..\R5T.F0120\source\R5T.F0120\R5T.F0120.csproj", "{A8757EF0-3D67-42BB-91D6-7952F12D7609}"
EndProject
Project("{9A19103F-16F7-4668-BE54-9A1E7A4F7556}") = "R5T.F0124", "..\..\R5T.F0124\source\R5T.F0124\R5T.F0124.csproj", "{ECD20190-2EE2-46F2-9828-6C961DCCAB94}"
EndProject
Project("{9A19103F-16F7-4668-BE54-9A1E7A4F7556}") = "R5T.F0125", "..\..\R5T.F0125\source\R5T.F0125\R5T.F0125.csproj", "{404DA4A1-35C9-47C8-89F0-528C9DFCADBF}"
EndProject
Project("{9A19103F-16F7-4668-BE54-9A1E7A4F7556}") = "R5T.F0129", "..\..\R5T.F0129\source\R5T.F0129\R5T.F0129.csproj", "{8FEA6B88-5BD8-4C0D-BB75-D5D085E5F565}"
EndProject
Project("{9A19103F-16F7-4668-BE54-9A1E7A4F7556}") = "R5T.F0130", "..\..\R5T.F0130\source\R5T.F0130\R5T.F0130.csproj", "{F585325D-8D4D-40D1-B90A-6EBF7EB8F7FA}"
EndProject
Project("{9A19103F-16F7-4668-BE54-9A1E7A4F7556}") = "R5T.L0001.Y000", "..\..\R5T.L0001\source\R5T.L0001.Y000\R5T.L0001.Y000.csproj", "{2548D8A8-2517-42F0-B9EA-5763DC0FBF8F}"
EndProject
Project("{9A19103F-16F7-4668-BE54-9A1E7A4F7556}") = "R5T.L0001.Z000", "..\..\R5T.L0001\source\R5T.L0001.Z000\R5T.L0001.Z000.csproj", "{23B02D87-C20D-43A7-9F06-E75F4161613A}"
EndProject
Project("{9A19103F-16F7-4668-BE54-9A1E7A4F7556}") = "R5T.L0001", "..\..\R5T.L0001\source\R5T.L0001\R5T.L0001.csproj", "{9EE79ADB-91EE-4C36-BD96-F9C4116C0F2C}"
EndProject
Project("{9A19103F-16F7-4668-BE54-9A1E7A4F7556}") = "R5T.L0030.T000", "..\..\R5T.L0030\source\R5T.L0030.T000\R5T.L0030.T000.csproj", "{1B768A78-B271-485B-81F3-C4B33F691F4D}"
EndProject
Project("{9A19103F-16F7-4668-BE54-9A1E7A4F7556}") = "R5T.L0030", "..\..\R5T.L0030\source\R5T.L0030\R5T.L0030.csproj", "{684EA39F-49E9-4471-BFDF-8AF858B4F87D}"
EndProject
Project("{9A19103F-16F7-4668-BE54-9A1E7A4F7556}") = "R5T.L0031.T000", "..\..\R5T.L0031\source\R5T.L0031.T000\R5T.L0031.T000.csproj", "{E9A010CD-8403-45D6-89BE-45F1B1F63BF7}"
EndProject
Project("{9A19103F-16F7-4668-BE54-9A1E7A4F7556}") = "R5T.L0031", "..\..\R5T.L0031\source\R5T.L0031\R5T.L0031.csproj", "{F2F1D3B8-35DE-4A68-9456-6395A0800DDD}"
EndProject
Project("{9A19103F-16F7-4668-BE54-9A1E7A4F7556}") = "R5T.L0034", "..\..\R5T.L0034\source\R5T.L0034\R5T.L0034.csproj", "{97074288-F059-4F01-9EA4-AF82C8B89D8C}"
EndProject
Project("{9A19103F-16F7-4668-BE54-9A1E7A4F7556}") = "R5T.L0035", "..\..\R5T.L0035\source\R5T.L0035\R5T.L0035.csproj", "{7EB0E82A-2E0D-402B-8402-9261803C14CA}"
EndProject
Project("{9A19103F-16F7-4668-BE54-9A1E7A4F7556}") = "R5T.L0039.F000", "..\..\R5T.L0039\source\R5T.L0039.F000\R5T.L0039.F000.csproj", "{35E930C2-E897-45F2-9977-7575C0DC10DD}"
EndProject
Project("{9A19103F-16F7-4668-BE54-9A1E7A4F7556}") = "R5T.L0039.O000", "..\..\R5T.L0039\source\R5T.L0039.O000\R5T.L0039.O000.csproj", "{D87024C0-2CA3-4AA1-AC46-21ED5171F45E}"
EndProject
Project("{9A19103F-16F7-4668-BE54-9A1E7A4F7556}") = "R5T.L0039.T000", "..\..\R5T.L0039\source\R5T.L0039.T000\R5T.L0039.T000.csproj", "{22F2D363-084C-4C46-A98D-A783633AD1D4}"
EndProject
Project("{9A19103F-16F7-4668-BE54-9A1E7A4F7556}") = "R5T.L0042.T000", "..\..\R5T.L0042\source\R5T.L0042.T000\R5T.L0042.T000.csproj", "{117546D1-1534-4D1A-9625-7118CE1CD729}"
EndProject
Project("{9A19103F-16F7-4668-BE54-9A1E7A4F7556}") = "R5T.L0047.F000", "..\..\R5T.L0047\source\R5T.L0047.F000\R5T.L0047.F000.csproj", "{A4BD8BF8-337A-4FD8-84FE-CE7DDD564ED9}"
EndProject
Project("{9A19103F-16F7-4668-BE54-9A1E7A4F7556}") = "R5T.L0047.O001", "..\..\R5T.L0047\source\R5T.L0047.O001\R5T.L0047.O001.csproj", "{B9C3A4B1-D85E-42B8-A978-5FEDB89A064D}"
EndProject
Project("{9A19103F-16F7-4668-BE54-9A1E7A4F7556}") = "R5T.L0047.T000", "..\..\R5T.L0047\source\R5T.L0047.T000\R5T.L0047.T000.csproj", "{E326AEB5-E43A-4D50-89B3-3B728E9050C0}"
EndProject
Project("{9A19103F-16F7-4668-BE54-9A1E7A4F7556}") = "R5T.L0047", "..\..\R5T.L0047\source\R5T.L0047\R5T.L0047.csproj", "{E6EE59A9-79EB-4E27-9FD9-B463CA723EA7}"
EndProject
Project("{9A19103F-16F7-4668-BE54-9A1E7A4F7556}") = "R5T.NG0005", "..\..\R5T.NG0005\source\R5T.NG0005\R5T.NG0005.csproj", "{A6F44BA6-939F-4AA2-879F-2B54843CA614}"
EndProject
Project("{9A19103F-16F7-4668-BE54-9A1E7A4F7556}") = "R5T.NG0006", "..\..\R5T.NG0006\source\R5T.NG0006\R5T.NG0006.csproj", "{EDC24069-FE57-41D9-B6BE-E9EFF5C2B4A1}"
EndProject
Project("{9A19103F-16F7-4668-BE54-9A1E7A4F7556}") = "R5T.NG0008", "..\..\R5T.NG0008\source\R5T.NG0008\R5T.NG0008.csproj", "{413083A5-F042-496D-B6BD-AEA028A9D2AB}"
EndProject
Project("{9A19103F-16F7-4668-BE54-9A1E7A4F7556}") = "R5T.T0046", "..\..\R5T.T0046\source\R5T.T0046\R5T.T0046.csproj", "{2C3963C8-EF37-4108-95F7-3CB782D98843}"
EndProject
Project("{9A19103F-16F7-4668-BE54-9A1E7A4F7556}") = "R5T.T0131", "..\..\R5T.T0131\source\R5T.T0131\R5T.T0131.csproj", "{4BD6B32B-4FE8-4FF4-9EB8-58408FDC190F}"
EndProject
Project("{9A19103F-16F7-4668-BE54-9A1E7A4F7556}") = "R5T.T0132", "..\..\R5T.T0132\source\R5T.T0132\R5T.T0132.csproj", "{27C812C3-62A4-496C-9FB2-87245AFBEF43}"
EndProject
Project("{9A19103F-16F7-4668-BE54-9A1E7A4F7556}") = "R5T.T0137", "..\..\R5T.T0137\source\R5T.T0137\R5T.T0137.csproj", "{CCD7D52D-63D0-4369-9433-4FC5F39B8473}"
EndProject
Project("{9A19103F-16F7-4668-BE54-9A1E7A4F7556}") = "R5T.T0142", "..\..\R5T.T0142\source\R5T.T0142\R5T.T0142.csproj", "{BB9CEED0-AD26-4A78-A47E-F87F450E998D}"
EndProject
Project("{9A19103F-16F7-4668-BE54-9A1E7A4F7556}") = "R5T.T0143", "..\..\R5T.T0143\source\R5T.T0143\R5T.T0143.csproj", "{79C746D5-C9B3-49AB-819A-BDEB35CA2F7F}"
EndProject
Project("{9A19103F-16F7-4668-BE54-9A1E7A4F7556}") = "R5T.T0144", "..\..\R5T.T0144\source\R5T.T0144\R5T.T0144.csproj", "{9678D08E-4862-4DC6-98BE-EC7DB160BB44}"
EndProject
Project("{9A19103F-16F7-4668-BE54-9A1E7A4F7556}") = "R5T.T0150", "..\..\R5T.T0150\source\R5T.T0150\R5T.T0150.csproj", "{9B13D9B6-44FA-4842-98BC-58A40BC32893}"
EndProject
Project("{9A19103F-16F7-4668-BE54-9A1E7A4F7556}") = "R5T.T0151", "..\..\R5T.T0151\source\R5T.T0151\R5T.T0151.csproj", "{3B5C0361-3986-4573-9384-A0A6D89EB9A3}"
EndProject
Project("{9A19103F-16F7-4668-BE54-9A1E7A4F7556}") = "R5T.T0156", "..\..\R5T.T0156\source\R5T.T0156\R5T.T0156.csproj", "{84CF1326-0B0E-4C2E-86E5-40DE80F9D4CA}"
EndProject
Project("{9A19103F-16F7-4668-BE54-9A1E7A4F7556}") = "R5T.T0158", "..\..\R5T.T0158\source\R5T.T0158\R5T.T0158.csproj", "{7E8E650A-DCF2-4E73-9DDD-5CD1F02ACE53}"
EndProject
Project("{9A19103F-16F7-4668-BE54-9A1E7A4F7556}") = "R5T.T0159", "..\..\R5T.T0159\source\R5T.T0159\R5T.T0159.csproj", "{5AD71938-D66D-4FCC-8EAA-30B8BB70C7D6}"
EndProject
Project("{9A19103F-16F7-4668-BE54-9A1E7A4F7556}") = "R5T.T0172", "..\..\R5T.T0172\source\R5T.T0172\R5T.T0172.csproj", "{C058E023-2EDB-44BB-8623-F00C03C733DF}"
EndProject
Project("{9A19103F-16F7-4668-BE54-9A1E7A4F7556}") = "R5T.T0174", "..\..\R5T.T0174\source\R5T.T0174\R5T.T0174.csproj", "{DA086C6F-9F77-4675-A74D-47E54042EB4B}"
EndProject
Project("{9A19103F-16F7-4668-BE54-9A1E7A4F7556}") = "R5T.T0176", "..\..\R5T.T0176\source\R5T.T0176\R5T.T0176.csproj", "{90774B8D-BC38-4172-988F-5A4F55E9DEDF}"
EndProject
Project("{9A19103F-16F7-4668-BE54-9A1E7A4F7556}") = "R5T.T0177", "..\..\R5T.T0177\source\R5T.T0177\R5T.T0177.csproj", "{516CB891-34D8-436B-B6AC-CF606E28A5E7}"
EndProject
Project("{9A19103F-16F7-4668-BE54-9A1E7A4F7556}") = "R5T.T0178", "..\..\R5T.T0178\source\R5T.T0178\R5T.T0178.csproj", "{440DB7E8-16BB-47E5-88C7-8ACF661E5556}"
EndProject
Project("{9A19103F-16F7-4668-BE54-9A1E7A4F7556}") = "R5T.T0179", "..\..\R5T.T0179\source\R5T.T0179\R5T.T0179.csproj", "{1758950B-34F1-440B-889F-D037864DC00A}"
EndProject
Project("{9A19103F-16F7-4668-BE54-9A1E7A4F7556}") = "R5T.T0180", "..\..\R5T.T0180\source\R5T.T0180\R5T.T0180.csproj", "{2C6AB902-3BA3-4008-9380-0218BC470919}"
EndProject
Project("{9A19103F-16F7-4668-BE54-9A1E7A4F7556}") = "R5T.T0181", "..\..\R5T.T0181\source\R5T.T0181\R5T.T0181.csproj", "{242EC478-417B-4A84-AFA0-47388857D785}"
EndProject
Project("{9A19103F-16F7-4668-BE54-9A1E7A4F7556}") = "R5T.T0184", "..\..\R5T.T0184\source\R5T.T0184\R5T.T0184.csproj", "{CF31D4F7-8127-4300-B95B-C49C9E00AF48}"
EndProject
Project("{9A19103F-16F7-4668-BE54-9A1E7A4F7556}") = "R5T.T0185", "..\..\R5T.T0185\source\R5T.T0185\R5T.T0185.csproj", "{2761CAF5-2176-4510-B493-38C59F3C6125}"
EndProject
Project("{9A19103F-16F7-4668-BE54-9A1E7A4F7556}") = "R5T.T0186", "..\..\R5T.T0186\source\R5T.T0186\R5T.T0186.csproj", "{E2E27DBA-5985-4756-96D0-4ACFF8F45436}"
EndProject
Project("{9A19103F-16F7-4668-BE54-9A1E7A4F7556}") = "R5T.T0187", "..\..\R5T.T0187\source\R5T.T0187\R5T.T0187.csproj", "{9F2CDFF2-402F-470B-A8FC-DC1383196B04}"
EndProject
Project("{9A19103F-16F7-4668-BE54-9A1E7A4F7556}") = "R5T.T0188", "..\..\R5T.T0188\source\R5T.T0188\R5T.T0188.csproj", "{90B38D34-216D-4391-8675-53A679A8A20D}"
EndProject
Project("{9A19103F-16F7-4668-BE54-9A1E7A4F7556}") = "R5T.T0194", "..\..\R5T.T0194\source\R5T.T0194\R5T.T0194.csproj", "{8EF89AF1-AE45-4DD6-8341-CB12E4DABE29}"
EndProject
Project("{9A19103F-16F7-4668-BE54-9A1E7A4F7556}") = "R5T.T0198", "..\..\R5T.T0198\source\R5T.T0198\R5T.T0198.csproj", "{F1386C39-A0ED-4FC8-B2C8-8CF5E06CECAD}"
EndProject
Project("{9A19103F-16F7-4668-BE54-9A1E7A4F7556}") = "R5T.T0200", "..\..\R5T.T0200\source\R5T.T0200\R5T.T0200.csproj", "{B5015741-8D63-4D43-B536-88BC52A4EBF4}"
EndProject
Project("{9A19103F-16F7-4668-BE54-9A1E7A4F7556}") = "R5T.T0203", "..\..\R5T.T0203\source\R5T.T0203\R5T.T0203.csproj", "{0E95BC38-2195-41EF-B388-A594C8613582}"
EndProject
Project("{9A19103F-16F7-4668-BE54-9A1E7A4F7556}") = "R5T.Y0000", "..\..\R5T.Y0000\source\R5T.Y0000\R5T.Y0000.csproj", "{DA350DD4-0AD4-4991-A545-22CA60AC0EAB}"
EndProject
Project("{9A19103F-16F7-4668-BE54-9A1E7A4F7556}") = "R5T.Y0004", "..\..\R5T.Y0004\source\R5T.Y0004\R5T.Y0004.csproj", "{3FA288AE-1803-4889-BAFF-897DD1488317}"
EndProject
Project("{9A19103F-16F7-4668-BE54-9A1E7A4F7556}") = "R5T.Z0000", "..\..\R5T.Z0000\source\R5T.Z0000\R5T.Z0000.csproj", "{248AAAA5-B4AC-4831-AD19-F0B9F87D8E8B}"
EndProject
Project("{9A19103F-16F7-4668-BE54-9A1E7A4F7556}") = "R5T.Z0005", "..\..\R5T.Z0005\source\R5T.Z0005\R5T.Z0005.csproj", "{BD80E410-708F-4244-8292-D4888F9A9F08}"
EndProject
Project("{9A19103F-16F7-4668-BE54-9A1E7A4F7556}") = "R5T.Z0009", "..\..\R5T.Z0009\source\R5T.Z0009\R5T.Z0009.csproj", "{D316A9A4-9E9C-4F8E-96D9-FDE3AA6647CB}"
EndProject
Project("{9A19103F-16F7-4668-BE54-9A1E7A4F7556}") = "R5T.Z0013", "..\..\R5T.Z0013\source\R5T.Z0013\R5T.Z0013.csproj", "{0D5F9596-78B7-43BE-B91F-2E04290AAD9D}"
EndProject
Project("{9A19103F-16F7-4668-BE54-9A1E7A4F7556}") = "R5T.Z0036", "..\..\R5T.Z0036\source\R5T.Z0036\R5T.Z0036.csproj", "{331B7D7D-7E37-4B08-976C-77F563D60893}"
EndProject
Project("{9A19103F-16F7-4668-BE54-9A1E7A4F7556}") = "R5T.Z0044.Z001", "..\..\R5T.Z0044\source\R5T.Z0044.Z001\R5T.Z0044.Z001.csproj", "{7004C78C-8733-45ED-BC0B-C14909826CAB}"
EndProject
Project("{9A19103F-16F7-4668-BE54-9A1E7A4F7556}") = "R5T.L0032.T000", "..\..\R5T.L0032\source\R5T.L0032.T000\R5T.L0032.T000.csproj", "{0F96FBAF-4855-4B3D-91FA-30B5E6A83315}"
EndProject
Project("{9A19103F-16F7-4668-BE54-9A1E7A4F7556}") = "R5T.NG0022", "..\..\R5T.NG0022\source\R5T.NG0022\R5T.NG0022.csproj", "{41165F23-D233-42C4-B7DC-28F81090E414}"
EndProject
Project("{9A19103F-16F7-4668-BE54-9A1E7A4F7556}") = "R5T.T0161", "..\..\R5T.T0161\source\R5T.T0161\R5T.T0161.csproj", "{6C0CD035-4E06-4ADB-8D18-3CAA050DBFB0}"
EndProject
Project("{9A19103F-16F7-4668-BE54-9A1E7A4F7556}") = "R5T.T0196", "..\..\R5T.T0196\source\R5T.T0196\R5T.T0196.csproj", "{696C1330-9630-4FD9-A6F2-9727FD15595D}"
EndProject
Project("{9A19103F-16F7-4668-BE54-9A1E7A4F7556}") = "R5T.T0197", "..\..\R5T.T0197\source\R5T.T0197\R5T.T0197.csproj", "{7C020251-25A8-4083-B42E-ABFF197F4AE1}"
EndProject
Project("{9A19103F-16F7-4668-BE54-9A1E7A4F7556}") = "R5T.Z0046", "..\..\R5T.Z0046\source\R5T.Z0046\R5T.Z0046.csproj", "{4AADAF20-E041-474A-904E-CB511CDA1CE8}"
EndProject
Project("{9A19103F-16F7-4668-BE54-9A1E7A4F7556}") = "R5T.Z0015", "..\..\R5T.Z0015\source\R5T.Z0015\R5T.Z0015.csproj", "{ED82F5EE-1882-4190-B249-751358629CBB}"
EndProject
Project("{9A19103F-16F7-4668-BE54-9A1E7A4F7556}") = "R5T.F0033", "..\..\R5T.F0033\source\R5T.F0033\R5T.F0033.csproj", "{E1E9F5B6-2C60-42C5-AED2-860DE802DAFE}"
EndProject
Project("{9A19103F-16F7-4668-BE54-9A1E7A4F7556}") = "R5T.O0023", "..\..\R5T.O0023\source\R5T.O0023\R5T.O0023.csproj", "{5E891AF9-2686-447F-A023-8B059D13E265}"
EndProject
Project("{9A19103F-16F7-4668-BE54-9A1E7A4F7556}") = "R5T.T0209", "..\..\R5T.T0209\source\R5T.T0209\R5T.T0209.csproj", "{36B43D02-37A2-4D2D-B467-F049B8959236}"
EndProject
Global
	GlobalSection(NestedProjects) = preSolution
		{EFF51D39-67A1-4F34-ABC6-1C69DD47047F} = {A17F59CB-1EB4-4CD1-8D41-6AC1956B49D8}
		{3B951AC0-58FB-4696-90A7-ED508A433B51} = {A17F59CB-1EB4-4CD1-8D41-6AC1956B49D8}
		{31B7948F-B408-4341-869A-78ABEDD054DC} = {A17F59CB-1EB4-4CD1-8D41-6AC1956B49D8}
		{B246D962-9D6E-45AA-9599-09DE4D30ED7E} = {A17F59CB-1EB4-4CD1-8D41-6AC1956B49D8}
		{A498B52D-0EB7-4770-8BE1-AF36E79DA219} = {A17F59CB-1EB4-4CD1-8D41-6AC1956B49D8}
		{C927C208-1376-4BC4-B013-403FCB1E1701} = {A17F59CB-1EB4-4CD1-8D41-6AC1956B49D8}
		{3791DB2A-3D94-43CF-B0F1-F1A70C846EAD} = {A17F59CB-1EB4-4CD1-8D41-6AC1956B49D8}
		{C82893AE-F288-42E3-AB3C-FC6DA7A5742B} = {A17F59CB-1EB4-4CD1-8D41-6AC1956B49D8}
		{DD1FE04F-6BAC-4097-854A-D26F9D1E6E2A} = {A17F59CB-1EB4-4CD1-8D41-6AC1956B49D8}
		{87080146-AD4D-4B34-BA6A-F5D49EC3E591} = {A17F59CB-1EB4-4CD1-8D41-6AC1956B49D8}
		{84F54E96-AD06-43E8-A7AE-368BC97AD785} = {A17F59CB-1EB4-4CD1-8D41-6AC1956B49D8}
		{7F380F78-AE4D-4FF3-B4E9-FEC1565C9DF2} = {A17F59CB-1EB4-4CD1-8D41-6AC1956B49D8}
		{5A9995A2-19F1-4C96-A55D-2E84DCFEE525} = {A17F59CB-1EB4-4CD1-8D41-6AC1956B49D8}
		{672F1D48-379F-443E-98F9-44F1DBC15B27} = {A17F59CB-1EB4-4CD1-8D41-6AC1956B49D8}
		{A8564D72-5EA3-4EAF-9E2B-211B6669C6AB} = {A17F59CB-1EB4-4CD1-8D41-6AC1956B49D8}
		{9CE5B3C1-DE47-4749-9F82-6C9364426465} = {A17F59CB-1EB4-4CD1-8D41-6AC1956B49D8}
		{53D4935D-ED18-4E8D-9F7A-19790868DFA8} = {A17F59CB-1EB4-4CD1-8D41-6AC1956B49D8}
		{A8757EF0-3D67-42BB-91D6-7952F12D7609} = {A17F59CB-1EB4-4CD1-8D41-6AC1956B49D8}
		{ECD20190-2EE2-46F2-9828-6C961DCCAB94} = {A17F59CB-1EB4-4CD1-8D41-6AC1956B49D8}
		{404DA4A1-35C9-47C8-89F0-528C9DFCADBF} = {A17F59CB-1EB4-4CD1-8D41-6AC1956B49D8}
		{8FEA6B88-5BD8-4C0D-BB75-D5D085E5F565} = {A17F59CB-1EB4-4CD1-8D41-6AC1956B49D8}
		{F585325D-8D4D-40D1-B90A-6EBF7EB8F7FA} = {A17F59CB-1EB4-4CD1-8D41-6AC1956B49D8}
		{2548D8A8-2517-42F0-B9EA-5763DC0FBF8F} = {A17F59CB-1EB4-4CD1-8D41-6AC1956B49D8}
		{23B02D87-C20D-43A7-9F06-E75F4161613A} = {A17F59CB-1EB4-4CD1-8D41-6AC1956B49D8}
		{9EE79ADB-91EE-4C36-BD96-F9C4116C0F2C} = {A17F59CB-1EB4-4CD1-8D41-6AC1956B49D8}
		{1B768A78-B271-485B-81F3-C4B33F691F4D} = {A17F59CB-1EB4-4CD1-8D41-6AC1956B49D8}
		{684EA39F-49E9-4471-BFDF-8AF858B4F87D} = {A17F59CB-1EB4-4CD1-8D41-6AC1956B49D8}
		{E9A010CD-8403-45D6-89BE-45F1B1F63BF7} = {A17F59CB-1EB4-4CD1-8D41-6AC1956B49D8}
		{F2F1D3B8-35DE-4A68-9456-6395A0800DDD} = {A17F59CB-1EB4-4CD1-8D41-6AC1956B49D8}
		{97074288-F059-4F01-9EA4-AF82C8B89D8C} = {A17F59CB-1EB4-4CD1-8D41-6AC1956B49D8}
		{7EB0E82A-2E0D-402B-8402-9261803C14CA} = {A17F59CB-1EB4-4CD1-8D41-6AC1956B49D8}
		{35E930C2-E897-45F2-9977-7575C0DC10DD} = {A17F59CB-1EB4-4CD1-8D41-6AC1956B49D8}
		{D87024C0-2CA3-4AA1-AC46-21ED5171F45E} = {A17F59CB-1EB4-4CD1-8D41-6AC1956B49D8}
		{22F2D363-084C-4C46-A98D-A783633AD1D4} = {A17F59CB-1EB4-4CD1-8D41-6AC1956B49D8}
		{117546D1-1534-4D1A-9625-7118CE1CD729} = {A17F59CB-1EB4-4CD1-8D41-6AC1956B49D8}
		{A4BD8BF8-337A-4FD8-84FE-CE7DDD564ED9} = {A17F59CB-1EB4-4CD1-8D41-6AC1956B49D8}
		{B9C3A4B1-D85E-42B8-A978-5FEDB89A064D} = {A17F59CB-1EB4-4CD1-8D41-6AC1956B49D8}
		{E326AEB5-E43A-4D50-89B3-3B728E9050C0} = {A17F59CB-1EB4-4CD1-8D41-6AC1956B49D8}
		{E6EE59A9-79EB-4E27-9FD9-B463CA723EA7} = {A17F59CB-1EB4-4CD1-8D41-6AC1956B49D8}
		{A6F44BA6-939F-4AA2-879F-2B54843CA614} = {A17F59CB-1EB4-4CD1-8D41-6AC1956B49D8}
		{EDC24069-FE57-41D9-B6BE-E9EFF5C2B4A1} = {A17F59CB-1EB4-4CD1-8D41-6AC1956B49D8}
		{413083A5-F042-496D-B6BD-AEA028A9D2AB} = {A17F59CB-1EB4-4CD1-8D41-6AC1956B49D8}
		{2C3963C8-EF37-4108-95F7-3CB782D98843} = {A17F59CB-1EB4-4CD1-8D41-6AC1956B49D8}
		{4BD6B32B-4FE8-4FF4-9EB8-58408FDC190F} = {A17F59CB-1EB4-4CD1-8D41-6AC1956B49D8}
		{27C812C3-62A4-496C-9FB2-87245AFBEF43} = {A17F59CB-1EB4-4CD1-8D41-6AC1956B49D8}
		{CCD7D52D-63D0-4369-9433-4FC5F39B8473} = {A17F59CB-1EB4-4CD1-8D41-6AC1956B49D8}
		{BB9CEED0-AD26-4A78-A47E-F87F450E998D} = {A17F59CB-1EB4-4CD1-8D41-6AC1956B49D8}
		{79C746D5-C9B3-49AB-819A-BDEB35CA2F7F} = {A17F59CB-1EB4-4CD1-8D41-6AC1956B49D8}
		{9678D08E-4862-4DC6-98BE-EC7DB160BB44} = {A17F59CB-1EB4-4CD1-8D41-6AC1956B49D8}
		{9B13D9B6-44FA-4842-98BC-58A40BC32893} = {A17F59CB-1EB4-4CD1-8D41-6AC1956B49D8}
		{3B5C0361-3986-4573-9384-A0A6D89EB9A3} = {A17F59CB-1EB4-4CD1-8D41-6AC1956B49D8}
		{84CF1326-0B0E-4C2E-86E5-40DE80F9D4CA} = {A17F59CB-1EB4-4CD1-8D41-6AC1956B49D8}
		{7E8E650A-DCF2-4E73-9DDD-5CD1F02ACE53} = {A17F59CB-1EB4-4CD1-8D41-6AC1956B49D8}
		{5AD71938-D66D-4FCC-8EAA-30B8BB70C7D6} = {A17F59CB-1EB4-4CD1-8D41-6AC1956B49D8}
		{C058E023-2EDB-44BB-8623-F00C03C733DF} = {A17F59CB-1EB4-4CD1-8D41-6AC1956B49D8}
		{DA086C6F-9F77-4675-A74D-47E54042EB4B} = {A17F59CB-1EB4-4CD1-8D41-6AC1956B49D8}
		{90774B8D-BC38-4172-988F-5A4F55E9DEDF} = {A17F59CB-1EB4-4CD1-8D41-6AC1956B49D8}
		{516CB891-34D8-436B-B6AC-CF606E28A5E7} = {A17F59CB-1EB4-4CD1-8D41-6AC1956B49D8}
		{440DB7E8-16BB-47E5-88C7-8ACF661E5556} = {A17F59CB-1EB4-4CD1-8D41-6AC1956B49D8}
		{1758950B-34F1-440B-889F-D037864DC00A} = {A17F59CB-1EB4-4CD1-8D41-6AC1956B49D8}
		{2C6AB902-3BA3-4008-9380-0218BC470919} = {A17F59CB-1EB4-4CD1-8D41-6AC1956B49D8}
		{242EC478-417B-4A84-AFA0-47388857D785} = {A17F59CB-1EB4-4CD1-8D41-6AC1956B49D8}
		{CF31D4F7-8127-4300-B95B-C49C9E00AF48} = {A17F59CB-1EB4-4CD1-8D41-6AC1956B49D8}
		{2761CAF5-2176-4510-B493-38C59F3C6125} = {A17F59CB-1EB4-4CD1-8D41-6AC1956B49D8}
		{E2E27DBA-5985-4756-96D0-4ACFF8F45436} = {A17F59CB-1EB4-4CD1-8D41-6AC1956B49D8}
		{9F2CDFF2-402F-470B-A8FC-DC1383196B04} = {A17F59CB-1EB4-4CD1-8D41-6AC1956B49D8}
		{90B38D34-216D-4391-8675-53A679A8A20D} = {A17F59CB-1EB4-4CD1-8D41-6AC1956B49D8}
		{8EF89AF1-AE45-4DD6-8341-CB12E4DABE29} = {A17F59CB-1EB4-4CD1-8D41-6AC1956B49D8}
		{F1386C39-A0ED-4FC8-B2C8-8CF5E06CECAD} = {A17F59CB-1EB4-4CD1-8D41-6AC1956B49D8}
		{B5015741-8D63-4D43-B536-88BC52A4EBF4} = {A17F59CB-1EB4-4CD1-8D41-6AC1956B49D8}
		{0E95BC38-2195-41EF-B388-A594C8613582} = {A17F59CB-1EB4-4CD1-8D41-6AC1956B49D8}
		{DA350DD4-0AD4-4991-A545-22CA60AC0EAB} = {A17F59CB-1EB4-4CD1-8D41-6AC1956B49D8}
		{3FA288AE-1803-4889-BAFF-897DD1488317} = {A17F59CB-1EB4-4CD1-8D41-6AC1956B49D8}
		{248AAAA5-B4AC-4831-AD19-F0B9F87D8E8B} = {A17F59CB-1EB4-4CD1-8D41-6AC1956B49D8}
		{BD80E410-708F-4244-8292-D4888F9A9F08} = {A17F59CB-1EB4-4CD1-8D41-6AC1956B49D8}
		{D316A9A4-9E9C-4F8E-96D9-FDE3AA6647CB} = {A17F59CB-1EB4-4CD1-8D41-6AC1956B49D8}
		{0D5F9596-78B7-43BE-B91F-2E04290AAD9D} = {A17F59CB-1EB4-4CD1-8D41-6AC1956B49D8}
		{331B7D7D-7E37-4B08-976C-77F563D60893} = {A17F59CB-1EB4-4CD1-8D41-6AC1956B49D8}
		{7004C78C-8733-45ED-BC0B-C14909826CAB} = {A17F59CB-1EB4-4CD1-8D41-6AC1956B49D8}
		{0F96FBAF-4855-4B3D-91FA-30B5E6A83315} = {A17F59CB-1EB4-4CD1-8D41-6AC1956B49D8}
		{41165F23-D233-42C4-B7DC-28F81090E414} = {A17F59CB-1EB4-4CD1-8D41-6AC1956B49D8}
		{6C0CD035-4E06-4ADB-8D18-3CAA050DBFB0} = {A17F59CB-1EB4-4CD1-8D41-6AC1956B49D8}
		{696C1330-9630-4FD9-A6F2-9727FD15595D} = {A17F59CB-1EB4-4CD1-8D41-6AC1956B49D8}
		{7C020251-25A8-4083-B42E-ABFF197F4AE1} = {A17F59CB-1EB4-4CD1-8D41-6AC1956B49D8}
		{4AADAF20-E041-474A-904E-CB511CDA1CE8} = {A17F59CB-1EB4-4CD1-8D41-6AC1956B49D8}
		{ED82F5EE-1882-4190-B249-751358629CBB} = {A17F59CB-1EB4-4CD1-8D41-6AC1956B49D8}
		{E1E9F5B6-2C60-42C5-AED2-860DE802DAFE} = {A17F59CB-1EB4-4CD1-8D41-6AC1956B49D8}
		{5E891AF9-2686-447F-A023-8B059D13E265} = {A17F59CB-1EB4-4CD1-8D41-6AC1956B49D8}
		{36B43D02-37A2-4D2D-B467-F049B8959236} = {A17F59CB-1EB4-4CD1-8D41-6AC1956B49D8}
	EndGlobalSection
	GlobalSection(SolutionConfigurationPlatforms) = preSolution
		Debug|Any CPU = Debug|Any CPU
		Release|Any CPU = Release|Any CPU
	EndGlobalSection
	GlobalSection(ProjectConfigurationPlatforms) = postSolution
		{C31F6C33-2CEC-4735-B020-611F38826135}.Debug|Any CPU.ActiveCfg = Debug|Any CPU
		{C31F6C33-2CEC-4735-B020-611F38826135}.Debug|Any CPU.Build.0 = Debug|Any CPU
		{C31F6C33-2CEC-4735-B020-611F38826135}.Release|Any CPU.ActiveCfg = Release|Any CPU
		{C31F6C33-2CEC-4735-B020-611F38826135}.Release|Any CPU.Build.0 = Release|Any CPU
		{EFF51D39-67A1-4F34-ABC6-1C69DD47047F}.Debug|Any CPU.ActiveCfg = Debug|Any CPU
		{EFF51D39-67A1-4F34-ABC6-1C69DD47047F}.Debug|Any CPU.Build.0 = Debug|Any CPU
		{EFF51D39-67A1-4F34-ABC6-1C69DD47047F}.Release|Any CPU.ActiveCfg = Release|Any CPU
		{EFF51D39-67A1-4F34-ABC6-1C69DD47047F}.Release|Any CPU.Build.0 = Release|Any CPU
		{3B951AC0-58FB-4696-90A7-ED508A433B51}.Debug|Any CPU.ActiveCfg = Debug|Any CPU
		{3B951AC0-58FB-4696-90A7-ED508A433B51}.Debug|Any CPU.Build.0 = Debug|Any CPU
		{3B951AC0-58FB-4696-90A7-ED508A433B51}.Release|Any CPU.ActiveCfg = Release|Any CPU
		{3B951AC0-58FB-4696-90A7-ED508A433B51}.Release|Any CPU.Build.0 = Release|Any CPU
		{31B7948F-B408-4341-869A-78ABEDD054DC}.Debug|Any CPU.ActiveCfg = Debug|Any CPU
		{31B7948F-B408-4341-869A-78ABEDD054DC}.Debug|Any CPU.Build.0 = Debug|Any CPU
		{31B7948F-B408-4341-869A-78ABEDD054DC}.Release|Any CPU.ActiveCfg = Release|Any CPU
		{31B7948F-B408-4341-869A-78ABEDD054DC}.Release|Any CPU.Build.0 = Release|Any CPU
		{B246D962-9D6E-45AA-9599-09DE4D30ED7E}.Debug|Any CPU.ActiveCfg = Debug|Any CPU
		{B246D962-9D6E-45AA-9599-09DE4D30ED7E}.Debug|Any CPU.Build.0 = Debug|Any CPU
		{B246D962-9D6E-45AA-9599-09DE4D30ED7E}.Release|Any CPU.ActiveCfg = Release|Any CPU
		{B246D962-9D6E-45AA-9599-09DE4D30ED7E}.Release|Any CPU.Build.0 = Release|Any CPU
		{A498B52D-0EB7-4770-8BE1-AF36E79DA219}.Debug|Any CPU.ActiveCfg = Debug|Any CPU
		{A498B52D-0EB7-4770-8BE1-AF36E79DA219}.Debug|Any CPU.Build.0 = Debug|Any CPU
		{A498B52D-0EB7-4770-8BE1-AF36E79DA219}.Release|Any CPU.ActiveCfg = Release|Any CPU
		{A498B52D-0EB7-4770-8BE1-AF36E79DA219}.Release|Any CPU.Build.0 = Release|Any CPU
		{C927C208-1376-4BC4-B013-403FCB1E1701}.Debug|Any CPU.ActiveCfg = Debug|Any CPU
		{C927C208-1376-4BC4-B013-403FCB1E1701}.Debug|Any CPU.Build.0 = Debug|Any CPU
		{C927C208-1376-4BC4-B013-403FCB1E1701}.Release|Any CPU.ActiveCfg = Release|Any CPU
		{C927C208-1376-4BC4-B013-403FCB1E1701}.Release|Any CPU.Build.0 = Release|Any CPU
		{3791DB2A-3D94-43CF-B0F1-F1A70C846EAD}.Debug|Any CPU.ActiveCfg = Debug|Any CPU
		{3791DB2A-3D94-43CF-B0F1-F1A70C846EAD}.Debug|Any CPU.Build.0 = Debug|Any CPU
		{3791DB2A-3D94-43CF-B0F1-F1A70C846EAD}.Release|Any CPU.ActiveCfg = Release|Any CPU
		{3791DB2A-3D94-43CF-B0F1-F1A70C846EAD}.Release|Any CPU.Build.0 = Release|Any CPU
		{C82893AE-F288-42E3-AB3C-FC6DA7A5742B}.Debug|Any CPU.ActiveCfg = Debug|Any CPU
		{C82893AE-F288-42E3-AB3C-FC6DA7A5742B}.Debug|Any CPU.Build.0 = Debug|Any CPU
		{C82893AE-F288-42E3-AB3C-FC6DA7A5742B}.Release|Any CPU.ActiveCfg = Release|Any CPU
		{C82893AE-F288-42E3-AB3C-FC6DA7A5742B}.Release|Any CPU.Build.0 = Release|Any CPU
		{DD1FE04F-6BAC-4097-854A-D26F9D1E6E2A}.Debug|Any CPU.ActiveCfg = Debug|Any CPU
		{DD1FE04F-6BAC-4097-854A-D26F9D1E6E2A}.Debug|Any CPU.Build.0 = Debug|Any CPU
		{DD1FE04F-6BAC-4097-854A-D26F9D1E6E2A}.Release|Any CPU.ActiveCfg = Release|Any CPU
		{DD1FE04F-6BAC-4097-854A-D26F9D1E6E2A}.Release|Any CPU.Build.0 = Release|Any CPU
		{87080146-AD4D-4B34-BA6A-F5D49EC3E591}.Debug|Any CPU.ActiveCfg = Debug|Any CPU
		{87080146-AD4D-4B34-BA6A-F5D49EC3E591}.Debug|Any CPU.Build.0 = Debug|Any CPU
		{87080146-AD4D-4B34-BA6A-F5D49EC3E591}.Release|Any CPU.ActiveCfg = Release|Any CPU
		{87080146-AD4D-4B34-BA6A-F5D49EC3E591}.Release|Any CPU.Build.0 = Release|Any CPU
		{84F54E96-AD06-43E8-A7AE-368BC97AD785}.Debug|Any CPU.ActiveCfg = Debug|Any CPU
		{84F54E96-AD06-43E8-A7AE-368BC97AD785}.Debug|Any CPU.Build.0 = Debug|Any CPU
		{84F54E96-AD06-43E8-A7AE-368BC97AD785}.Release|Any CPU.ActiveCfg = Release|Any CPU
		{84F54E96-AD06-43E8-A7AE-368BC97AD785}.Release|Any CPU.Build.0 = Release|Any CPU
		{7F380F78-AE4D-4FF3-B4E9-FEC1565C9DF2}.Debug|Any CPU.ActiveCfg = Debug|Any CPU
		{7F380F78-AE4D-4FF3-B4E9-FEC1565C9DF2}.Debug|Any CPU.Build.0 = Debug|Any CPU
		{7F380F78-AE4D-4FF3-B4E9-FEC1565C9DF2}.Release|Any CPU.ActiveCfg = Release|Any CPU
		{7F380F78-AE4D-4FF3-B4E9-FEC1565C9DF2}.Release|Any CPU.Build.0 = Release|Any CPU
		{5A9995A2-19F1-4C96-A55D-2E84DCFEE525}.Debug|Any CPU.ActiveCfg = Debug|Any CPU
		{5A9995A2-19F1-4C96-A55D-2E84DCFEE525}.Debug|Any CPU.Build.0 = Debug|Any CPU
		{5A9995A2-19F1-4C96-A55D-2E84DCFEE525}.Release|Any CPU.ActiveCfg = Release|Any CPU
		{5A9995A2-19F1-4C96-A55D-2E84DCFEE525}.Release|Any CPU.Build.0 = Release|Any CPU
		{672F1D48-379F-443E-98F9-44F1DBC15B27}.Debug|Any CPU.ActiveCfg = Debug|Any CPU
		{672F1D48-379F-443E-98F9-44F1DBC15B27}.Debug|Any CPU.Build.0 = Debug|Any CPU
		{672F1D48-379F-443E-98F9-44F1DBC15B27}.Release|Any CPU.ActiveCfg = Release|Any CPU
		{672F1D48-379F-443E-98F9-44F1DBC15B27}.Release|Any CPU.Build.0 = Release|Any CPU
		{A8564D72-5EA3-4EAF-9E2B-211B6669C6AB}.Debug|Any CPU.ActiveCfg = Debug|Any CPU
		{A8564D72-5EA3-4EAF-9E2B-211B6669C6AB}.Debug|Any CPU.Build.0 = Debug|Any CPU
		{A8564D72-5EA3-4EAF-9E2B-211B6669C6AB}.Release|Any CPU.ActiveCfg = Release|Any CPU
		{A8564D72-5EA3-4EAF-9E2B-211B6669C6AB}.Release|Any CPU.Build.0 = Release|Any CPU
		{9CE5B3C1-DE47-4749-9F82-6C9364426465}.Debug|Any CPU.ActiveCfg = Debug|Any CPU
		{9CE5B3C1-DE47-4749-9F82-6C9364426465}.Debug|Any CPU.Build.0 = Debug|Any CPU
		{9CE5B3C1-DE47-4749-9F82-6C9364426465}.Release|Any CPU.ActiveCfg = Release|Any CPU
		{9CE5B3C1-DE47-4749-9F82-6C9364426465}.Release|Any CPU.Build.0 = Release|Any CPU
		{53D4935D-ED18-4E8D-9F7A-19790868DFA8}.Debug|Any CPU.ActiveCfg = Debug|Any CPU
		{53D4935D-ED18-4E8D-9F7A-19790868DFA8}.Debug|Any CPU.Build.0 = Debug|Any CPU
		{53D4935D-ED18-4E8D-9F7A-19790868DFA8}.Release|Any CPU.ActiveCfg = Release|Any CPU
		{53D4935D-ED18-4E8D-9F7A-19790868DFA8}.Release|Any CPU.Build.0 = Release|Any CPU
		{A8757EF0-3D67-42BB-91D6-7952F12D7609}.Debug|Any CPU.ActiveCfg = Debug|Any CPU
		{A8757EF0-3D67-42BB-91D6-7952F12D7609}.Debug|Any CPU.Build.0 = Debug|Any CPU
		{A8757EF0-3D67-42BB-91D6-7952F12D7609}.Release|Any CPU.ActiveCfg = Release|Any CPU
		{A8757EF0-3D67-42BB-91D6-7952F12D7609}.Release|Any CPU.Build.0 = Release|Any CPU
		{ECD20190-2EE2-46F2-9828-6C961DCCAB94}.Debug|Any CPU.ActiveCfg = Debug|Any CPU
		{ECD20190-2EE2-46F2-9828-6C961DCCAB94}.Debug|Any CPU.Build.0 = Debug|Any CPU
		{ECD20190-2EE2-46F2-9828-6C961DCCAB94}.Release|Any CPU.ActiveCfg = Release|Any CPU
		{ECD20190-2EE2-46F2-9828-6C961DCCAB94}.Release|Any CPU.Build.0 = Release|Any CPU
		{404DA4A1-35C9-47C8-89F0-528C9DFCADBF}.Debug|Any CPU.ActiveCfg = Debug|Any CPU
		{404DA4A1-35C9-47C8-89F0-528C9DFCADBF}.Debug|Any CPU.Build.0 = Debug|Any CPU
		{404DA4A1-35C9-47C8-89F0-528C9DFCADBF}.Release|Any CPU.ActiveCfg = Release|Any CPU
		{404DA4A1-35C9-47C8-89F0-528C9DFCADBF}.Release|Any CPU.Build.0 = Release|Any CPU
		{8FEA6B88-5BD8-4C0D-BB75-D5D085E5F565}.Debug|Any CPU.ActiveCfg = Debug|Any CPU
		{8FEA6B88-5BD8-4C0D-BB75-D5D085E5F565}.Debug|Any CPU.Build.0 = Debug|Any CPU
		{8FEA6B88-5BD8-4C0D-BB75-D5D085E5F565}.Release|Any CPU.ActiveCfg = Release|Any CPU
		{8FEA6B88-5BD8-4C0D-BB75-D5D085E5F565}.Release|Any CPU.Build.0 = Release|Any CPU
		{F585325D-8D4D-40D1-B90A-6EBF7EB8F7FA}.Debug|Any CPU.ActiveCfg = Debug|Any CPU
		{F585325D-8D4D-40D1-B90A-6EBF7EB8F7FA}.Debug|Any CPU.Build.0 = Debug|Any CPU
		{F585325D-8D4D-40D1-B90A-6EBF7EB8F7FA}.Release|Any CPU.ActiveCfg = Release|Any CPU
		{F585325D-8D4D-40D1-B90A-6EBF7EB8F7FA}.Release|Any CPU.Build.0 = Release|Any CPU
		{2548D8A8-2517-42F0-B9EA-5763DC0FBF8F}.Debug|Any CPU.ActiveCfg = Debug|Any CPU
		{2548D8A8-2517-42F0-B9EA-5763DC0FBF8F}.Debug|Any CPU.Build.0 = Debug|Any CPU
		{2548D8A8-2517-42F0-B9EA-5763DC0FBF8F}.Release|Any CPU.ActiveCfg = Release|Any CPU
		{2548D8A8-2517-42F0-B9EA-5763DC0FBF8F}.Release|Any CPU.Build.0 = Release|Any CPU
		{23B02D87-C20D-43A7-9F06-E75F4161613A}.Debug|Any CPU.ActiveCfg = Debug|Any CPU
		{23B02D87-C20D-43A7-9F06-E75F4161613A}.Debug|Any CPU.Build.0 = Debug|Any CPU
		{23B02D87-C20D-43A7-9F06-E75F4161613A}.Release|Any CPU.ActiveCfg = Release|Any CPU
		{23B02D87-C20D-43A7-9F06-E75F4161613A}.Release|Any CPU.Build.0 = Release|Any CPU
		{9EE79ADB-91EE-4C36-BD96-F9C4116C0F2C}.Debug|Any CPU.ActiveCfg = Debug|Any CPU
		{9EE79ADB-91EE-4C36-BD96-F9C4116C0F2C}.Debug|Any CPU.Build.0 = Debug|Any CPU
		{9EE79ADB-91EE-4C36-BD96-F9C4116C0F2C}.Release|Any CPU.ActiveCfg = Release|Any CPU
		{9EE79ADB-91EE-4C36-BD96-F9C4116C0F2C}.Release|Any CPU.Build.0 = Release|Any CPU
		{1B768A78-B271-485B-81F3-C4B33F691F4D}.Debug|Any CPU.ActiveCfg = Debug|Any CPU
		{1B768A78-B271-485B-81F3-C4B33F691F4D}.Debug|Any CPU.Build.0 = Debug|Any CPU
		{1B768A78-B271-485B-81F3-C4B33F691F4D}.Release|Any CPU.ActiveCfg = Release|Any CPU
		{1B768A78-B271-485B-81F3-C4B33F691F4D}.Release|Any CPU.Build.0 = Release|Any CPU
		{684EA39F-49E9-4471-BFDF-8AF858B4F87D}.Debug|Any CPU.ActiveCfg = Debug|Any CPU
		{684EA39F-49E9-4471-BFDF-8AF858B4F87D}.Debug|Any CPU.Build.0 = Debug|Any CPU
		{684EA39F-49E9-4471-BFDF-8AF858B4F87D}.Release|Any CPU.ActiveCfg = Release|Any CPU
		{684EA39F-49E9-4471-BFDF-8AF858B4F87D}.Release|Any CPU.Build.0 = Release|Any CPU
		{E9A010CD-8403-45D6-89BE-45F1B1F63BF7}.Debug|Any CPU.ActiveCfg = Debug|Any CPU
		{E9A010CD-8403-45D6-89BE-45F1B1F63BF7}.Debug|Any CPU.Build.0 = Debug|Any CPU
		{E9A010CD-8403-45D6-89BE-45F1B1F63BF7}.Release|Any CPU.ActiveCfg = Release|Any CPU
		{E9A010CD-8403-45D6-89BE-45F1B1F63BF7}.Release|Any CPU.Build.0 = Release|Any CPU
		{F2F1D3B8-35DE-4A68-9456-6395A0800DDD}.Debug|Any CPU.ActiveCfg = Debug|Any CPU
		{F2F1D3B8-35DE-4A68-9456-6395A0800DDD}.Debug|Any CPU.Build.0 = Debug|Any CPU
		{F2F1D3B8-35DE-4A68-9456-6395A0800DDD}.Release|Any CPU.ActiveCfg = Release|Any CPU
		{F2F1D3B8-35DE-4A68-9456-6395A0800DDD}.Release|Any CPU.Build.0 = Release|Any CPU
		{97074288-F059-4F01-9EA4-AF82C8B89D8C}.Debug|Any CPU.ActiveCfg = Debug|Any CPU
		{97074288-F059-4F01-9EA4-AF82C8B89D8C}.Debug|Any CPU.Build.0 = Debug|Any CPU
		{97074288-F059-4F01-9EA4-AF82C8B89D8C}.Release|Any CPU.ActiveCfg = Release|Any CPU
		{97074288-F059-4F01-9EA4-AF82C8B89D8C}.Release|Any CPU.Build.0 = Release|Any CPU
		{7EB0E82A-2E0D-402B-8402-9261803C14CA}.Debug|Any CPU.ActiveCfg = Debug|Any CPU
		{7EB0E82A-2E0D-402B-8402-9261803C14CA}.Debug|Any CPU.Build.0 = Debug|Any CPU
		{7EB0E82A-2E0D-402B-8402-9261803C14CA}.Release|Any CPU.ActiveCfg = Release|Any CPU
		{7EB0E82A-2E0D-402B-8402-9261803C14CA}.Release|Any CPU.Build.0 = Release|Any CPU
		{35E930C2-E897-45F2-9977-7575C0DC10DD}.Debug|Any CPU.ActiveCfg = Debug|Any CPU
		{35E930C2-E897-45F2-9977-7575C0DC10DD}.Debug|Any CPU.Build.0 = Debug|Any CPU
		{35E930C2-E897-45F2-9977-7575C0DC10DD}.Release|Any CPU.ActiveCfg = Release|Any CPU
		{35E930C2-E897-45F2-9977-7575C0DC10DD}.Release|Any CPU.Build.0 = Release|Any CPU
		{D87024C0-2CA3-4AA1-AC46-21ED5171F45E}.Debug|Any CPU.ActiveCfg = Debug|Any CPU
		{D87024C0-2CA3-4AA1-AC46-21ED5171F45E}.Debug|Any CPU.Build.0 = Debug|Any CPU
		{D87024C0-2CA3-4AA1-AC46-21ED5171F45E}.Release|Any CPU.ActiveCfg = Release|Any CPU
		{D87024C0-2CA3-4AA1-AC46-21ED5171F45E}.Release|Any CPU.Build.0 = Release|Any CPU
		{22F2D363-084C-4C46-A98D-A783633AD1D4}.Debug|Any CPU.ActiveCfg = Debug|Any CPU
		{22F2D363-084C-4C46-A98D-A783633AD1D4}.Debug|Any CPU.Build.0 = Debug|Any CPU
		{22F2D363-084C-4C46-A98D-A783633AD1D4}.Release|Any CPU.ActiveCfg = Release|Any CPU
		{22F2D363-084C-4C46-A98D-A783633AD1D4}.Release|Any CPU.Build.0 = Release|Any CPU
		{117546D1-1534-4D1A-9625-7118CE1CD729}.Debug|Any CPU.ActiveCfg = Debug|Any CPU
		{117546D1-1534-4D1A-9625-7118CE1CD729}.Debug|Any CPU.Build.0 = Debug|Any CPU
		{117546D1-1534-4D1A-9625-7118CE1CD729}.Release|Any CPU.ActiveCfg = Release|Any CPU
		{117546D1-1534-4D1A-9625-7118CE1CD729}.Release|Any CPU.Build.0 = Release|Any CPU
		{A4BD8BF8-337A-4FD8-84FE-CE7DDD564ED9}.Debug|Any CPU.ActiveCfg = Debug|Any CPU
		{A4BD8BF8-337A-4FD8-84FE-CE7DDD564ED9}.Debug|Any CPU.Build.0 = Debug|Any CPU
		{A4BD8BF8-337A-4FD8-84FE-CE7DDD564ED9}.Release|Any CPU.ActiveCfg = Release|Any CPU
		{A4BD8BF8-337A-4FD8-84FE-CE7DDD564ED9}.Release|Any CPU.Build.0 = Release|Any CPU
		{B9C3A4B1-D85E-42B8-A978-5FEDB89A064D}.Debug|Any CPU.ActiveCfg = Debug|Any CPU
		{B9C3A4B1-D85E-42B8-A978-5FEDB89A064D}.Debug|Any CPU.Build.0 = Debug|Any CPU
		{B9C3A4B1-D85E-42B8-A978-5FEDB89A064D}.Release|Any CPU.ActiveCfg = Release|Any CPU
		{B9C3A4B1-D85E-42B8-A978-5FEDB89A064D}.Release|Any CPU.Build.0 = Release|Any CPU
		{E326AEB5-E43A-4D50-89B3-3B728E9050C0}.Debug|Any CPU.ActiveCfg = Debug|Any CPU
		{E326AEB5-E43A-4D50-89B3-3B728E9050C0}.Debug|Any CPU.Build.0 = Debug|Any CPU
		{E326AEB5-E43A-4D50-89B3-3B728E9050C0}.Release|Any CPU.ActiveCfg = Release|Any CPU
		{E326AEB5-E43A-4D50-89B3-3B728E9050C0}.Release|Any CPU.Build.0 = Release|Any CPU
		{E6EE59A9-79EB-4E27-9FD9-B463CA723EA7}.Debug|Any CPU.ActiveCfg = Debug|Any CPU
		{E6EE59A9-79EB-4E27-9FD9-B463CA723EA7}.Debug|Any CPU.Build.0 = Debug|Any CPU
		{E6EE59A9-79EB-4E27-9FD9-B463CA723EA7}.Release|Any CPU.ActiveCfg = Release|Any CPU
		{E6EE59A9-79EB-4E27-9FD9-B463CA723EA7}.Release|Any CPU.Build.0 = Release|Any CPU
		{A6F44BA6-939F-4AA2-879F-2B54843CA614}.Debug|Any CPU.ActiveCfg = Debug|Any CPU
		{A6F44BA6-939F-4AA2-879F-2B54843CA614}.Debug|Any CPU.Build.0 = Debug|Any CPU
		{A6F44BA6-939F-4AA2-879F-2B54843CA614}.Release|Any CPU.ActiveCfg = Release|Any CPU
		{A6F44BA6-939F-4AA2-879F-2B54843CA614}.Release|Any CPU.Build.0 = Release|Any CPU
		{EDC24069-FE57-41D9-B6BE-E9EFF5C2B4A1}.Debug|Any CPU.ActiveCfg = Debug|Any CPU
		{EDC24069-FE57-41D9-B6BE-E9EFF5C2B4A1}.Debug|Any CPU.Build.0 = Debug|Any CPU
		{EDC24069-FE57-41D9-B6BE-E9EFF5C2B4A1}.Release|Any CPU.ActiveCfg = Release|Any CPU
		{EDC24069-FE57-41D9-B6BE-E9EFF5C2B4A1}.Release|Any CPU.Build.0 = Release|Any CPU
		{413083A5-F042-496D-B6BD-AEA028A9D2AB}.Debug|Any CPU.ActiveCfg = Debug|Any CPU
		{413083A5-F042-496D-B6BD-AEA028A9D2AB}.Debug|Any CPU.Build.0 = Debug|Any CPU
		{413083A5-F042-496D-B6BD-AEA028A9D2AB}.Release|Any CPU.ActiveCfg = Release|Any CPU
		{413083A5-F042-496D-B6BD-AEA028A9D2AB}.Release|Any CPU.Build.0 = Release|Any CPU
		{2C3963C8-EF37-4108-95F7-3CB782D98843}.Debug|Any CPU.ActiveCfg = Debug|Any CPU
		{2C3963C8-EF37-4108-95F7-3CB782D98843}.Debug|Any CPU.Build.0 = Debug|Any CPU
		{2C3963C8-EF37-4108-95F7-3CB782D98843}.Release|Any CPU.ActiveCfg = Release|Any CPU
		{2C3963C8-EF37-4108-95F7-3CB782D98843}.Release|Any CPU.Build.0 = Release|Any CPU
		{4BD6B32B-4FE8-4FF4-9EB8-58408FDC190F}.Debug|Any CPU.ActiveCfg = Debug|Any CPU
		{4BD6B32B-4FE8-4FF4-9EB8-58408FDC190F}.Debug|Any CPU.Build.0 = Debug|Any CPU
		{4BD6B32B-4FE8-4FF4-9EB8-58408FDC190F}.Release|Any CPU.ActiveCfg = Release|Any CPU
		{4BD6B32B-4FE8-4FF4-9EB8-58408FDC190F}.Release|Any CPU.Build.0 = Release|Any CPU
		{27C812C3-62A4-496C-9FB2-87245AFBEF43}.Debug|Any CPU.ActiveCfg = Debug|Any CPU
		{27C812C3-62A4-496C-9FB2-87245AFBEF43}.Debug|Any CPU.Build.0 = Debug|Any CPU
		{27C812C3-62A4-496C-9FB2-87245AFBEF43}.Release|Any CPU.ActiveCfg = Release|Any CPU
		{27C812C3-62A4-496C-9FB2-87245AFBEF43}.Release|Any CPU.Build.0 = Release|Any CPU
		{CCD7D52D-63D0-4369-9433-4FC5F39B8473}.Debug|Any CPU.ActiveCfg = Debug|Any CPU
		{CCD7D52D-63D0-4369-9433-4FC5F39B8473}.Debug|Any CPU.Build.0 = Debug|Any CPU
		{CCD7D52D-63D0-4369-9433-4FC5F39B8473}.Release|Any CPU.ActiveCfg = Release|Any CPU
		{CCD7D52D-63D0-4369-9433-4FC5F39B8473}.Release|Any CPU.Build.0 = Release|Any CPU
		{BB9CEED0-AD26-4A78-A47E-F87F450E998D}.Debug|Any CPU.ActiveCfg = Debug|Any CPU
		{BB9CEED0-AD26-4A78-A47E-F87F450E998D}.Debug|Any CPU.Build.0 = Debug|Any CPU
		{BB9CEED0-AD26-4A78-A47E-F87F450E998D}.Release|Any CPU.ActiveCfg = Release|Any CPU
		{BB9CEED0-AD26-4A78-A47E-F87F450E998D}.Release|Any CPU.Build.0 = Release|Any CPU
		{79C746D5-C9B3-49AB-819A-BDEB35CA2F7F}.Debug|Any CPU.ActiveCfg = Debug|Any CPU
		{79C746D5-C9B3-49AB-819A-BDEB35CA2F7F}.Debug|Any CPU.Build.0 = Debug|Any CPU
		{79C746D5-C9B3-49AB-819A-BDEB35CA2F7F}.Release|Any CPU.ActiveCfg = Release|Any CPU
		{79C746D5-C9B3-49AB-819A-BDEB35CA2F7F}.Release|Any CPU.Build.0 = Release|Any CPU
		{9678D08E-4862-4DC6-98BE-EC7DB160BB44}.Debug|Any CPU.ActiveCfg = Debug|Any CPU
		{9678D08E-4862-4DC6-98BE-EC7DB160BB44}.Debug|Any CPU.Build.0 = Debug|Any CPU
		{9678D08E-4862-4DC6-98BE-EC7DB160BB44}.Release|Any CPU.ActiveCfg = Release|Any CPU
		{9678D08E-4862-4DC6-98BE-EC7DB160BB44}.Release|Any CPU.Build.0 = Release|Any CPU
		{9B13D9B6-44FA-4842-98BC-58A40BC32893}.Debug|Any CPU.ActiveCfg = Debug|Any CPU
		{9B13D9B6-44FA-4842-98BC-58A40BC32893}.Debug|Any CPU.Build.0 = Debug|Any CPU
		{9B13D9B6-44FA-4842-98BC-58A40BC32893}.Release|Any CPU.ActiveCfg = Release|Any CPU
		{9B13D9B6-44FA-4842-98BC-58A40BC32893}.Release|Any CPU.Build.0 = Release|Any CPU
		{3B5C0361-3986-4573-9384-A0A6D89EB9A3}.Debug|Any CPU.ActiveCfg = Debug|Any CPU
		{3B5C0361-3986-4573-9384-A0A6D89EB9A3}.Debug|Any CPU.Build.0 = Debug|Any CPU
		{3B5C0361-3986-4573-9384-A0A6D89EB9A3}.Release|Any CPU.ActiveCfg = Release|Any CPU
		{3B5C0361-3986-4573-9384-A0A6D89EB9A3}.Release|Any CPU.Build.0 = Release|Any CPU
		{84CF1326-0B0E-4C2E-86E5-40DE80F9D4CA}.Debug|Any CPU.ActiveCfg = Debug|Any CPU
		{84CF1326-0B0E-4C2E-86E5-40DE80F9D4CA}.Debug|Any CPU.Build.0 = Debug|Any CPU
		{84CF1326-0B0E-4C2E-86E5-40DE80F9D4CA}.Release|Any CPU.ActiveCfg = Release|Any CPU
		{84CF1326-0B0E-4C2E-86E5-40DE80F9D4CA}.Release|Any CPU.Build.0 = Release|Any CPU
		{7E8E650A-DCF2-4E73-9DDD-5CD1F02ACE53}.Debug|Any CPU.ActiveCfg = Debug|Any CPU
		{7E8E650A-DCF2-4E73-9DDD-5CD1F02ACE53}.Debug|Any CPU.Build.0 = Debug|Any CPU
		{7E8E650A-DCF2-4E73-9DDD-5CD1F02ACE53}.Release|Any CPU.ActiveCfg = Release|Any CPU
		{7E8E650A-DCF2-4E73-9DDD-5CD1F02ACE53}.Release|Any CPU.Build.0 = Release|Any CPU
		{5AD71938-D66D-4FCC-8EAA-30B8BB70C7D6}.Debug|Any CPU.ActiveCfg = Debug|Any CPU
		{5AD71938-D66D-4FCC-8EAA-30B8BB70C7D6}.Debug|Any CPU.Build.0 = Debug|Any CPU
		{5AD71938-D66D-4FCC-8EAA-30B8BB70C7D6}.Release|Any CPU.ActiveCfg = Release|Any CPU
		{5AD71938-D66D-4FCC-8EAA-30B8BB70C7D6}.Release|Any CPU.Build.0 = Release|Any CPU
		{C058E023-2EDB-44BB-8623-F00C03C733DF}.Debug|Any CPU.ActiveCfg = Debug|Any CPU
		{C058E023-2EDB-44BB-8623-F00C03C733DF}.Debug|Any CPU.Build.0 = Debug|Any CPU
		{C058E023-2EDB-44BB-8623-F00C03C733DF}.Release|Any CPU.ActiveCfg = Release|Any CPU
		{C058E023-2EDB-44BB-8623-F00C03C733DF}.Release|Any CPU.Build.0 = Release|Any CPU
		{DA086C6F-9F77-4675-A74D-47E54042EB4B}.Debug|Any CPU.ActiveCfg = Debug|Any CPU
		{DA086C6F-9F77-4675-A74D-47E54042EB4B}.Debug|Any CPU.Build.0 = Debug|Any CPU
		{DA086C6F-9F77-4675-A74D-47E54042EB4B}.Release|Any CPU.ActiveCfg = Release|Any CPU
		{DA086C6F-9F77-4675-A74D-47E54042EB4B}.Release|Any CPU.Build.0 = Release|Any CPU
		{90774B8D-BC38-4172-988F-5A4F55E9DEDF}.Debug|Any CPU.ActiveCfg = Debug|Any CPU
		{90774B8D-BC38-4172-988F-5A4F55E9DEDF}.Debug|Any CPU.Build.0 = Debug|Any CPU
		{90774B8D-BC38-4172-988F-5A4F55E9DEDF}.Release|Any CPU.ActiveCfg = Release|Any CPU
		{90774B8D-BC38-4172-988F-5A4F55E9DEDF}.Release|Any CPU.Build.0 = Release|Any CPU
		{516CB891-34D8-436B-B6AC-CF606E28A5E7}.Debug|Any CPU.ActiveCfg = Debug|Any CPU
		{516CB891-34D8-436B-B6AC-CF606E28A5E7}.Debug|Any CPU.Build.0 = Debug|Any CPU
		{516CB891-34D8-436B-B6AC-CF606E28A5E7}.Release|Any CPU.ActiveCfg = Release|Any CPU
		{516CB891-34D8-436B-B6AC-CF606E28A5E7}.Release|Any CPU.Build.0 = Release|Any CPU
		{440DB7E8-16BB-47E5-88C7-8ACF661E5556}.Debug|Any CPU.ActiveCfg = Debug|Any CPU
		{440DB7E8-16BB-47E5-88C7-8ACF661E5556}.Debug|Any CPU.Build.0 = Debug|Any CPU
		{440DB7E8-16BB-47E5-88C7-8ACF661E5556}.Release|Any CPU.ActiveCfg = Release|Any CPU
		{440DB7E8-16BB-47E5-88C7-8ACF661E5556}.Release|Any CPU.Build.0 = Release|Any CPU
		{1758950B-34F1-440B-889F-D037864DC00A}.Debug|Any CPU.ActiveCfg = Debug|Any CPU
		{1758950B-34F1-440B-889F-D037864DC00A}.Debug|Any CPU.Build.0 = Debug|Any CPU
		{1758950B-34F1-440B-889F-D037864DC00A}.Release|Any CPU.ActiveCfg = Release|Any CPU
		{1758950B-34F1-440B-889F-D037864DC00A}.Release|Any CPU.Build.0 = Release|Any CPU
		{2C6AB902-3BA3-4008-9380-0218BC470919}.Debug|Any CPU.ActiveCfg = Debug|Any CPU
		{2C6AB902-3BA3-4008-9380-0218BC470919}.Debug|Any CPU.Build.0 = Debug|Any CPU
		{2C6AB902-3BA3-4008-9380-0218BC470919}.Release|Any CPU.ActiveCfg = Release|Any CPU
		{2C6AB902-3BA3-4008-9380-0218BC470919}.Release|Any CPU.Build.0 = Release|Any CPU
		{242EC478-417B-4A84-AFA0-47388857D785}.Debug|Any CPU.ActiveCfg = Debug|Any CPU
		{242EC478-417B-4A84-AFA0-47388857D785}.Debug|Any CPU.Build.0 = Debug|Any CPU
		{242EC478-417B-4A84-AFA0-47388857D785}.Release|Any CPU.ActiveCfg = Release|Any CPU
		{242EC478-417B-4A84-AFA0-47388857D785}.Release|Any CPU.Build.0 = Release|Any CPU
		{CF31D4F7-8127-4300-B95B-C49C9E00AF48}.Debug|Any CPU.ActiveCfg = Debug|Any CPU
		{CF31D4F7-8127-4300-B95B-C49C9E00AF48}.Debug|Any CPU.Build.0 = Debug|Any CPU
		{CF31D4F7-8127-4300-B95B-C49C9E00AF48}.Release|Any CPU.ActiveCfg = Release|Any CPU
		{CF31D4F7-8127-4300-B95B-C49C9E00AF48}.Release|Any CPU.Build.0 = Release|Any CPU
		{2761CAF5-2176-4510-B493-38C59F3C6125}.Debug|Any CPU.ActiveCfg = Debug|Any CPU
		{2761CAF5-2176-4510-B493-38C59F3C6125}.Debug|Any CPU.Build.0 = Debug|Any CPU
		{2761CAF5-2176-4510-B493-38C59F3C6125}.Release|Any CPU.ActiveCfg = Release|Any CPU
		{2761CAF5-2176-4510-B493-38C59F3C6125}.Release|Any CPU.Build.0 = Release|Any CPU
		{E2E27DBA-5985-4756-96D0-4ACFF8F45436}.Debug|Any CPU.ActiveCfg = Debug|Any CPU
		{E2E27DBA-5985-4756-96D0-4ACFF8F45436}.Debug|Any CPU.Build.0 = Debug|Any CPU
		{E2E27DBA-5985-4756-96D0-4ACFF8F45436}.Release|Any CPU.ActiveCfg = Release|Any CPU
		{E2E27DBA-5985-4756-96D0-4ACFF8F45436}.Release|Any CPU.Build.0 = Release|Any CPU
		{9F2CDFF2-402F-470B-A8FC-DC1383196B04}.Debug|Any CPU.ActiveCfg = Debug|Any CPU
		{9F2CDFF2-402F-470B-A8FC-DC1383196B04}.Debug|Any CPU.Build.0 = Debug|Any CPU
		{9F2CDFF2-402F-470B-A8FC-DC1383196B04}.Release|Any CPU.ActiveCfg = Release|Any CPU
		{9F2CDFF2-402F-470B-A8FC-DC1383196B04}.Release|Any CPU.Build.0 = Release|Any CPU
		{90B38D34-216D-4391-8675-53A679A8A20D}.Debug|Any CPU.ActiveCfg = Debug|Any CPU
		{90B38D34-216D-4391-8675-53A679A8A20D}.Debug|Any CPU.Build.0 = Debug|Any CPU
		{90B38D34-216D-4391-8675-53A679A8A20D}.Release|Any CPU.ActiveCfg = Release|Any CPU
		{90B38D34-216D-4391-8675-53A679A8A20D}.Release|Any CPU.Build.0 = Release|Any CPU
		{8EF89AF1-AE45-4DD6-8341-CB12E4DABE29}.Debug|Any CPU.ActiveCfg = Debug|Any CPU
		{8EF89AF1-AE45-4DD6-8341-CB12E4DABE29}.Debug|Any CPU.Build.0 = Debug|Any CPU
		{8EF89AF1-AE45-4DD6-8341-CB12E4DABE29}.Release|Any CPU.ActiveCfg = Release|Any CPU
		{8EF89AF1-AE45-4DD6-8341-CB12E4DABE29}.Release|Any CPU.Build.0 = Release|Any CPU
		{F1386C39-A0ED-4FC8-B2C8-8CF5E06CECAD}.Debug|Any CPU.ActiveCfg = Debug|Any CPU
		{F1386C39-A0ED-4FC8-B2C8-8CF5E06CECAD}.Debug|Any CPU.Build.0 = Debug|Any CPU
		{F1386C39-A0ED-4FC8-B2C8-8CF5E06CECAD}.Release|Any CPU.ActiveCfg = Release|Any CPU
		{F1386C39-A0ED-4FC8-B2C8-8CF5E06CECAD}.Release|Any CPU.Build.0 = Release|Any CPU
		{B5015741-8D63-4D43-B536-88BC52A4EBF4}.Debug|Any CPU.ActiveCfg = Debug|Any CPU
		{B5015741-8D63-4D43-B536-88BC52A4EBF4}.Debug|Any CPU.Build.0 = Debug|Any CPU
		{B5015741-8D63-4D43-B536-88BC52A4EBF4}.Release|Any CPU.ActiveCfg = Release|Any CPU
		{B5015741-8D63-4D43-B536-88BC52A4EBF4}.Release|Any CPU.Build.0 = Release|Any CPU
		{0E95BC38-2195-41EF-B388-A594C8613582}.Debug|Any CPU.ActiveCfg = Debug|Any CPU
		{0E95BC38-2195-41EF-B388-A594C8613582}.Debug|Any CPU.Build.0 = Debug|Any CPU
		{0E95BC38-2195-41EF-B388-A594C8613582}.Release|Any CPU.ActiveCfg = Release|Any CPU
		{0E95BC38-2195-41EF-B388-A594C8613582}.Release|Any CPU.Build.0 = Release|Any CPU
		{DA350DD4-0AD4-4991-A545-22CA60AC0EAB}.Debug|Any CPU.ActiveCfg = Debug|Any CPU
		{DA350DD4-0AD4-4991-A545-22CA60AC0EAB}.Debug|Any CPU.Build.0 = Debug|Any CPU
		{DA350DD4-0AD4-4991-A545-22CA60AC0EAB}.Release|Any CPU.ActiveCfg = Release|Any CPU
		{DA350DD4-0AD4-4991-A545-22CA60AC0EAB}.Release|Any CPU.Build.0 = Release|Any CPU
		{3FA288AE-1803-4889-BAFF-897DD1488317}.Debug|Any CPU.ActiveCfg = Debug|Any CPU
		{3FA288AE-1803-4889-BAFF-897DD1488317}.Debug|Any CPU.Build.0 = Debug|Any CPU
		{3FA288AE-1803-4889-BAFF-897DD1488317}.Release|Any CPU.ActiveCfg = Release|Any CPU
		{3FA288AE-1803-4889-BAFF-897DD1488317}.Release|Any CPU.Build.0 = Release|Any CPU
		{248AAAA5-B4AC-4831-AD19-F0B9F87D8E8B}.Debug|Any CPU.ActiveCfg = Debug|Any CPU
		{248AAAA5-B4AC-4831-AD19-F0B9F87D8E8B}.Debug|Any CPU.Build.0 = Debug|Any CPU
		{248AAAA5-B4AC-4831-AD19-F0B9F87D8E8B}.Release|Any CPU.ActiveCfg = Release|Any CPU
		{248AAAA5-B4AC-4831-AD19-F0B9F87D8E8B}.Release|Any CPU.Build.0 = Release|Any CPU
		{BD80E410-708F-4244-8292-D4888F9A9F08}.Debug|Any CPU.ActiveCfg = Debug|Any CPU
		{BD80E410-708F-4244-8292-D4888F9A9F08}.Debug|Any CPU.Build.0 = Debug|Any CPU
		{BD80E410-708F-4244-8292-D4888F9A9F08}.Release|Any CPU.ActiveCfg = Release|Any CPU
		{BD80E410-708F-4244-8292-D4888F9A9F08}.Release|Any CPU.Build.0 = Release|Any CPU
		{D316A9A4-9E9C-4F8E-96D9-FDE3AA6647CB}.Debug|Any CPU.ActiveCfg = Debug|Any CPU
		{D316A9A4-9E9C-4F8E-96D9-FDE3AA6647CB}.Debug|Any CPU.Build.0 = Debug|Any CPU
		{D316A9A4-9E9C-4F8E-96D9-FDE3AA6647CB}.Release|Any CPU.ActiveCfg = Release|Any CPU
		{D316A9A4-9E9C-4F8E-96D9-FDE3AA6647CB}.Release|Any CPU.Build.0 = Release|Any CPU
		{0D5F9596-78B7-43BE-B91F-2E04290AAD9D}.Debug|Any CPU.ActiveCfg = Debug|Any CPU
		{0D5F9596-78B7-43BE-B91F-2E04290AAD9D}.Debug|Any CPU.Build.0 = Debug|Any CPU
		{0D5F9596-78B7-43BE-B91F-2E04290AAD9D}.Release|Any CPU.ActiveCfg = Release|Any CPU
		{0D5F9596-78B7-43BE-B91F-2E04290AAD9D}.Release|Any CPU.Build.0 = Release|Any CPU
		{331B7D7D-7E37-4B08-976C-77F563D60893}.Debug|Any CPU.ActiveCfg = Debug|Any CPU
		{331B7D7D-7E37-4B08-976C-77F563D60893}.Debug|Any CPU.Build.0 = Debug|Any CPU
		{331B7D7D-7E37-4B08-976C-77F563D60893}.Release|Any CPU.ActiveCfg = Release|Any CPU
		{331B7D7D-7E37-4B08-976C-77F563D60893}.Release|Any CPU.Build.0 = Release|Any CPU
		{7004C78C-8733-45ED-BC0B-C14909826CAB}.Debug|Any CPU.ActiveCfg = Debug|Any CPU
		{7004C78C-8733-45ED-BC0B-C14909826CAB}.Debug|Any CPU.Build.0 = Debug|Any CPU
		{7004C78C-8733-45ED-BC0B-C14909826CAB}.Release|Any CPU.ActiveCfg = Release|Any CPU
		{7004C78C-8733-45ED-BC0B-C14909826CAB}.Release|Any CPU.Build.0 = Release|Any CPU
		{0F96FBAF-4855-4B3D-91FA-30B5E6A83315}.Debug|Any CPU.ActiveCfg = Debug|Any CPU
		{0F96FBAF-4855-4B3D-91FA-30B5E6A83315}.Debug|Any CPU.Build.0 = Debug|Any CPU
		{0F96FBAF-4855-4B3D-91FA-30B5E6A83315}.Release|Any CPU.ActiveCfg = Release|Any CPU
		{0F96FBAF-4855-4B3D-91FA-30B5E6A83315}.Release|Any CPU.Build.0 = Release|Any CPU
		{41165F23-D233-42C4-B7DC-28F81090E414}.Debug|Any CPU.ActiveCfg = Debug|Any CPU
		{41165F23-D233-42C4-B7DC-28F81090E414}.Debug|Any CPU.Build.0 = Debug|Any CPU
		{41165F23-D233-42C4-B7DC-28F81090E414}.Release|Any CPU.ActiveCfg = Release|Any CPU
		{41165F23-D233-42C4-B7DC-28F81090E414}.Release|Any CPU.Build.0 = Release|Any CPU
		{6C0CD035-4E06-4ADB-8D18-3CAA050DBFB0}.Debug|Any CPU.ActiveCfg = Debug|Any CPU
		{6C0CD035-4E06-4ADB-8D18-3CAA050DBFB0}.Debug|Any CPU.Build.0 = Debug|Any CPU
		{6C0CD035-4E06-4ADB-8D18-3CAA050DBFB0}.Release|Any CPU.ActiveCfg = Release|Any CPU
		{6C0CD035-4E06-4ADB-8D18-3CAA050DBFB0}.Release|Any CPU.Build.0 = Release|Any CPU
		{696C1330-9630-4FD9-A6F2-9727FD15595D}.Debug|Any CPU.ActiveCfg = Debug|Any CPU
		{696C1330-9630-4FD9-A6F2-9727FD15595D}.Debug|Any CPU.Build.0 = Debug|Any CPU
		{696C1330-9630-4FD9-A6F2-9727FD15595D}.Release|Any CPU.ActiveCfg = Release|Any CPU
		{696C1330-9630-4FD9-A6F2-9727FD15595D}.Release|Any CPU.Build.0 = Release|Any CPU
		{7C020251-25A8-4083-B42E-ABFF197F4AE1}.Debug|Any CPU.ActiveCfg = Debug|Any CPU
		{7C020251-25A8-4083-B42E-ABFF197F4AE1}.Debug|Any CPU.Build.0 = Debug|Any CPU
		{7C020251-25A8-4083-B42E-ABFF197F4AE1}.Release|Any CPU.ActiveCfg = Release|Any CPU
		{7C020251-25A8-4083-B42E-ABFF197F4AE1}.Release|Any CPU.Build.0 = Release|Any CPU
		{4AADAF20-E041-474A-904E-CB511CDA1CE8}.Debug|Any CPU.ActiveCfg = Debug|Any CPU
		{4AADAF20-E041-474A-904E-CB511CDA1CE8}.Debug|Any CPU.Build.0 = Debug|Any CPU
		{4AADAF20-E041-474A-904E-CB511CDA1CE8}.Release|Any CPU.ActiveCfg = Release|Any CPU
		{4AADAF20-E041-474A-904E-CB511CDA1CE8}.Release|Any CPU.Build.0 = Release|Any CPU
		{ED82F5EE-1882-4190-B249-751358629CBB}.Debug|Any CPU.ActiveCfg = Debug|Any CPU
		{ED82F5EE-1882-4190-B249-751358629CBB}.Debug|Any CPU.Build.0 = Debug|Any CPU
		{ED82F5EE-1882-4190-B249-751358629CBB}.Release|Any CPU.ActiveCfg = Release|Any CPU
		{ED82F5EE-1882-4190-B249-751358629CBB}.Release|Any CPU.Build.0 = Release|Any CPU
		{E1E9F5B6-2C60-42C5-AED2-860DE802DAFE}.Debug|Any CPU.ActiveCfg = Debug|Any CPU
		{E1E9F5B6-2C60-42C5-AED2-860DE802DAFE}.Debug|Any CPU.Build.0 = Debug|Any CPU
		{E1E9F5B6-2C60-42C5-AED2-860DE802DAFE}.Release|Any CPU.ActiveCfg = Release|Any CPU
		{E1E9F5B6-2C60-42C5-AED2-860DE802DAFE}.Release|Any CPU.Build.0 = Release|Any CPU
		{5E891AF9-2686-447F-A023-8B059D13E265}.Debug|Any CPU.ActiveCfg = Debug|Any CPU
		{5E891AF9-2686-447F-A023-8B059D13E265}.Debug|Any CPU.Build.0 = Debug|Any CPU
		{5E891AF9-2686-447F-A023-8B059D13E265}.Release|Any CPU.ActiveCfg = Release|Any CPU
		{5E891AF9-2686-447F-A023-8B059D13E265}.Release|Any CPU.Build.0 = Release|Any CPU
		{36B43D02-37A2-4D2D-B467-F049B8959236}.Debug|Any CPU.ActiveCfg = Debug|Any CPU
		{36B43D02-37A2-4D2D-B467-F049B8959236}.Debug|Any CPU.Build.0 = Debug|Any CPU
		{36B43D02-37A2-4D2D-B467-F049B8959236}.Release|Any CPU.ActiveCfg = Release|Any CPU
		{36B43D02-37A2-4D2D-B467-F049B8959236}.Release|Any CPU.Build.0 = Release|Any CPU
	EndGlobalSection
	GlobalSection(SolutionProperties) = preSolution
		HideSolutionNode = FALSE
	EndGlobalSection
	GlobalSection(ExtensibilityGlobals) = postSolution
		SolutionGuid = {6CD99508-9F2F-4F5B-A2A8-A63B7910A1FA}
	EndGlobalSection
EndGlobal
